// !$*UTF8*$!
{
	archiveVersion = 1;
	classes = {
	};
	objectVersion = 56;
	objects = {

/* Begin PBXBuildFile section */
		AA89808C2B01BCFC00EFF940 /* WeatherDemoApp.swift in Sources */ = {isa = PBXBuildFile; fileRef = AA89808B2B01BCFC00EFF940 /* WeatherDemoApp.swift */; };
		AA89808E2B01BCFC00EFF940 /* ContentView.swift in Sources */ = {isa = PBXBuildFile; fileRef = AA89808D2B01BCFC00EFF940 /* ContentView.swift */; };
		AA8980902B01BCFF00EFF940 /* Assets.xcassets in Resources */ = {isa = PBXBuildFile; fileRef = AA89808F2B01BCFF00EFF940 /* Assets.xcassets */; };
		AA8980932B01BCFF00EFF940 /* Preview Assets.xcassets in Resources */ = {isa = PBXBuildFile; fileRef = AA8980922B01BCFF00EFF940 /* Preview Assets.xcassets */; };
		AA89809D2B01BD0000EFF940 /* WeatherDemoTests.swift in Sources */ = {isa = PBXBuildFile; fileRef = AA89809C2B01BD0000EFF940 /* WeatherDemoTests.swift */; };
		AA8980A72B01BD0000EFF940 /* WeatherDemoUITests.swift in Sources */ = {isa = PBXBuildFile; fileRef = AA8980A62B01BD0000EFF940 /* WeatherDemoUITests.swift */; };
		AA8980A92B01BD0000EFF940 /* WeatherDemoUITestsLaunchTests.swift in Sources */ = {isa = PBXBuildFile; fileRef = AA8980A82B01BD0000EFF940 /* WeatherDemoUITestsLaunchTests.swift */; };
		AA8980B72B01BFF100EFF940 /* LocationManager.swift in Sources */ = {isa = PBXBuildFile; fileRef = AA8980B62B01BFF100EFF940 /* LocationManager.swift */; };
		AA9AD8C22B0B04610034F3C1 /* WeatherManager.swift in Sources */ = {isa = PBXBuildFile; fileRef = AA9AD8C12B0B04610034F3C1 /* WeatherManager.swift */; };
		AA9AD8C42B0B8FE60034F3C1 /* WeatherView.swift in Sources */ = {isa = PBXBuildFile; fileRef = AA9AD8C32B0B8FE50034F3C1 /* WeatherView.swift */; };
		AA9AD8C62B0B90570034F3C1 /* ModelData.swift in Sources */ = {isa = PBXBuildFile; fileRef = AA9AD8C52B0B90570034F3C1 /* ModelData.swift */; };
		AA9AD8C82B0B90A70034F3C1 /* weatherData.json in Resources */ = {isa = PBXBuildFile; fileRef = AA9AD8C72B0B90A70034F3C1 /* weatherData.json */; };
		AADA05E92B09144100DC3F14 /* WelcomeView.swift in Sources */ = {isa = PBXBuildFile; fileRef = AADA05E82B09144100DC3F14 /* WelcomeView.swift */; };
		AADA05EB2B099CC000DC3F14 /* LoadingView.swift in Sources */ = {isa = PBXBuildFile; fileRef = AADA05EA2B099CBF00DC3F14 /* LoadingView.swift */; };
		AAF07EE92B0CF9F6000DF092 /* Extensions.swift in Sources */ = {isa = PBXBuildFile; fileRef = AAF07EE82B0CF9F6000DF092 /* Extensions.swift */; };
		AAF07EEE2B0D303A000DF092 /* WeatherRow.swift in Sources */ = {isa = PBXBuildFile; fileRef = AAF07EED2B0D303A000DF092 /* WeatherRow.swift */; };
/* End PBXBuildFile section */

/* Begin PBXContainerItemProxy section */
		AA8980992B01BD0000EFF940 /* PBXContainerItemProxy */ = {
			isa = PBXContainerItemProxy;
			containerPortal = AA8980802B01BCFC00EFF940 /* Project object */;
			proxyType = 1;
			remoteGlobalIDString = AA8980872B01BCFC00EFF940;
			remoteInfo = WeatherDemo;
		};
		AA8980A32B01BD0000EFF940 /* PBXContainerItemProxy */ = {
			isa = PBXContainerItemProxy;
			containerPortal = AA8980802B01BCFC00EFF940 /* Project object */;
			proxyType = 1;
			remoteGlobalIDString = AA8980872B01BCFC00EFF940;
			remoteInfo = WeatherDemo;
		};
/* End PBXContainerItemProxy section */

/* Begin PBXFileReference section */
		AA8980882B01BCFC00EFF940 /* WeatherDemo.app */ = {isa = PBXFileReference; explicitFileType = wrapper.application; includeInIndex = 0; path = WeatherDemo.app; sourceTree = BUILT_PRODUCTS_DIR; };
		AA89808B2B01BCFC00EFF940 /* WeatherDemoApp.swift */ = {isa = PBXFileReference; lastKnownFileType = sourcecode.swift; path = WeatherDemoApp.swift; sourceTree = "<group>"; };
		AA89808D2B01BCFC00EFF940 /* ContentView.swift */ = {isa = PBXFileReference; lastKnownFileType = sourcecode.swift; path = ContentView.swift; sourceTree = "<group>"; };
		AA89808F2B01BCFF00EFF940 /* Assets.xcassets */ = {isa = PBXFileReference; lastKnownFileType = folder.assetcatalog; path = Assets.xcassets; sourceTree = "<group>"; };
		AA8980922B01BCFF00EFF940 /* Preview Assets.xcassets */ = {isa = PBXFileReference; lastKnownFileType = folder.assetcatalog; path = "Preview Assets.xcassets"; sourceTree = "<group>"; };
		AA8980982B01BD0000EFF940 /* WeatherDemoTests.xctest */ = {isa = PBXFileReference; explicitFileType = wrapper.cfbundle; includeInIndex = 0; path = WeatherDemoTests.xctest; sourceTree = BUILT_PRODUCTS_DIR; };
		AA89809C2B01BD0000EFF940 /* WeatherDemoTests.swift */ = {isa = PBXFileReference; lastKnownFileType = sourcecode.swift; path = WeatherDemoTests.swift; sourceTree = "<group>"; };
		AA8980A22B01BD0000EFF940 /* WeatherDemoUITests.xctest */ = {isa = PBXFileReference; explicitFileType = wrapper.cfbundle; includeInIndex = 0; path = WeatherDemoUITests.xctest; sourceTree = BUILT_PRODUCTS_DIR; };
		AA8980A62B01BD0000EFF940 /* WeatherDemoUITests.swift */ = {isa = PBXFileReference; lastKnownFileType = sourcecode.swift; path = WeatherDemoUITests.swift; sourceTree = "<group>"; };
		AA8980A82B01BD0000EFF940 /* WeatherDemoUITestsLaunchTests.swift */ = {isa = PBXFileReference; lastKnownFileType = sourcecode.swift; path = WeatherDemoUITestsLaunchTests.swift; sourceTree = "<group>"; };
		AA8980B62B01BFF100EFF940 /* LocationManager.swift */ = {isa = PBXFileReference; lastKnownFileType = sourcecode.swift; path = LocationManager.swift; sourceTree = "<group>"; };
		AA9AD8C12B0B04610034F3C1 /* WeatherManager.swift */ = {isa = PBXFileReference; lastKnownFileType = sourcecode.swift; path = WeatherManager.swift; sourceTree = "<group>"; };
		AA9AD8C32B0B8FE50034F3C1 /* WeatherView.swift */ = {isa = PBXFileReference; lastKnownFileType = sourcecode.swift; path = WeatherView.swift; sourceTree = "<group>"; };
		AA9AD8C52B0B90570034F3C1 /* ModelData.swift */ = {isa = PBXFileReference; lastKnownFileType = sourcecode.swift; path = ModelData.swift; sourceTree = "<group>"; };
		AA9AD8C72B0B90A70034F3C1 /* weatherData.json */ = {isa = PBXFileReference; lastKnownFileType = text.json; path = weatherData.json; sourceTree = "<group>"; };
		AADA05E82B09144100DC3F14 /* WelcomeView.swift */ = {isa = PBXFileReference; lastKnownFileType = sourcecode.swift; path = WelcomeView.swift; sourceTree = "<group>"; };
		AADA05EA2B099CBF00DC3F14 /* LoadingView.swift */ = {isa = PBXFileReference; lastKnownFileType = sourcecode.swift; path = LoadingView.swift; sourceTree = "<group>"; };
		AAF07EE82B0CF9F6000DF092 /* Extensions.swift */ = {isa = PBXFileReference; lastKnownFileType = sourcecode.swift; path = Extensions.swift; sourceTree = "<group>"; };
		AAF07EED2B0D303A000DF092 /* WeatherRow.swift */ = {isa = PBXFileReference; lastKnownFileType = sourcecode.swift; path = WeatherRow.swift; sourceTree = "<group>"; };
/* End PBXFileReference section */

/* Begin PBXFrameworksBuildPhase section */
		AA8980852B01BCFC00EFF940 /* Frameworks */ = {
			isa = PBXFrameworksBuildPhase;
			buildActionMask = 2147483647;
			files = (
			);
			runOnlyForDeploymentPostprocessing = 0;
		};
		AA8980952B01BD0000EFF940 /* Frameworks */ = {
			isa = PBXFrameworksBuildPhase;
			buildActionMask = 2147483647;
			files = (
			);
			runOnlyForDeploymentPostprocessing = 0;
		};
		AA89809F2B01BD0000EFF940 /* Frameworks */ = {
			isa = PBXFrameworksBuildPhase;
			buildActionMask = 2147483647;
			files = (
			);
			runOnlyForDeploymentPostprocessing = 0;
		};
/* End PBXFrameworksBuildPhase section */

/* Begin PBXGroup section */
		AA89807F2B01BCFC00EFF940 = {
			isa = PBXGroup;
			children = (
				AA89808A2B01BCFC00EFF940 /* WeatherDemo */,
				AA89809B2B01BD0000EFF940 /* WeatherDemoTests */,
				AA8980A52B01BD0000EFF940 /* WeatherDemoUITests */,
				AA8980892B01BCFC00EFF940 /* Products */,
			);
			sourceTree = "<group>";
		};
		AA8980892B01BCFC00EFF940 /* Products */ = {
			isa = PBXGroup;
			children = (
				AA8980882B01BCFC00EFF940 /* WeatherDemo.app */,
				AA8980982B01BD0000EFF940 /* WeatherDemoTests.xctest */,
				AA8980A22B01BD0000EFF940 /* WeatherDemoUITests.xctest */,
			);
			name = Products;
			sourceTree = "<group>";
		};
		AA89808A2B01BCFC00EFF940 /* WeatherDemo */ = {
			isa = PBXGroup;
			children = (
				AAF07EEC2B0D301B000DF092 /* Components */,
				AADA05E72B090F4100DC3F14 /* Views */,
				AA8980B52B01BFDC00EFF940 /* Managers */,
				AA89808B2B01BCFC00EFF940 /* WeatherDemoApp.swift */,
				AA89808F2B01BCFF00EFF940 /* Assets.xcassets */,
				AA8980912B01BCFF00EFF940 /* Preview Content */,
				AAF07EE82B0CF9F6000DF092 /* Extensions.swift */,
			);
			path = WeatherDemo;
			sourceTree = "<group>";
		};
		AA8980912B01BCFF00EFF940 /* Preview Content */ = {
			isa = PBXGroup;
			children = (
				AA8980922B01BCFF00EFF940 /* Preview Assets.xcassets */,
				AA9AD8C52B0B90570034F3C1 /* ModelData.swift */,
				AA9AD8C72B0B90A70034F3C1 /* weatherData.json */,
			);
			path = "Preview Content";
			sourceTree = "<group>";
		};
		AA89809B2B01BD0000EFF940 /* WeatherDemoTests */ = {
			isa = PBXGroup;
			children = (
				AA89809C2B01BD0000EFF940 /* WeatherDemoTests.swift */,
			);
			path = WeatherDemoTests;
			sourceTree = "<group>";
		};
		AA8980A52B01BD0000EFF940 /* WeatherDemoUITests */ = {
			isa = PBXGroup;
			children = (
				AA8980A62B01BD0000EFF940 /* WeatherDemoUITests.swift */,
				AA8980A82B01BD0000EFF940 /* WeatherDemoUITestsLaunchTests.swift */,
			);
			path = WeatherDemoUITests;
			sourceTree = "<group>";
		};
		AA8980B52B01BFDC00EFF940 /* Managers */ = {
			isa = PBXGroup;
			children = (
				AA8980B62B01BFF100EFF940 /* LocationManager.swift */,
				AA9AD8C12B0B04610034F3C1 /* WeatherManager.swift */,
			);
			path = Managers;
			sourceTree = "<group>";
		};
		AADA05E72B090F4100DC3F14 /* Views */ = {
			isa = PBXGroup;
			children = (
				AA89808D2B01BCFC00EFF940 /* ContentView.swift */,
				AADA05E82B09144100DC3F14 /* WelcomeView.swift */,
				AADA05EA2B099CBF00DC3F14 /* LoadingView.swift */,
				AA9AD8C32B0B8FE50034F3C1 /* WeatherView.swift */,
			);
			path = Views;
			sourceTree = "<group>";
		};
		AAF07EEC2B0D301B000DF092 /* Components */ = {
			isa = PBXGroup;
			children = (
				AAF07EED2B0D303A000DF092 /* WeatherRow.swift */,
			);
			path = Components;
			sourceTree = "<group>";
		};
/* End PBXGroup section */

/* Begin PBXNativeTarget section */
		AA8980872B01BCFC00EFF940 /* WeatherDemo */ = {
			isa = PBXNativeTarget;
			buildConfigurationList = AA8980AC2B01BD0000EFF940 /* Build configuration list for PBXNativeTarget "WeatherDemo" */;
			buildPhases = (
				AA8980842B01BCFC00EFF940 /* Sources */,
				AA8980852B01BCFC00EFF940 /* Frameworks */,
				AA8980862B01BCFC00EFF940 /* Resources */,
			);
			buildRules = (
			);
			dependencies = (
			);
			name = WeatherDemo;
			productName = WeatherDemo;
			productReference = AA8980882B01BCFC00EFF940 /* WeatherDemo.app */;
			productType = "com.apple.product-type.application";
		};
		AA8980972B01BD0000EFF940 /* WeatherDemoTests */ = {
			isa = PBXNativeTarget;
			buildConfigurationList = AA8980AF2B01BD0000EFF940 /* Build configuration list for PBXNativeTarget "WeatherDemoTests" */;
			buildPhases = (
				AA8980942B01BD0000EFF940 /* Sources */,
				AA8980952B01BD0000EFF940 /* Frameworks */,
				AA8980962B01BD0000EFF940 /* Resources */,
			);
			buildRules = (
			);
			dependencies = (
				AA89809A2B01BD0000EFF940 /* PBXTargetDependency */,
			);
			name = WeatherDemoTests;
			productName = WeatherDemoTests;
			productReference = AA8980982B01BD0000EFF940 /* WeatherDemoTests.xctest */;
			productType = "com.apple.product-type.bundle.unit-test";
		};
		AA8980A12B01BD0000EFF940 /* WeatherDemoUITests */ = {
			isa = PBXNativeTarget;
			buildConfigurationList = AA8980B22B01BD0000EFF940 /* Build configuration list for PBXNativeTarget "WeatherDemoUITests" */;
			buildPhases = (
				AA89809E2B01BD0000EFF940 /* Sources */,
				AA89809F2B01BD0000EFF940 /* Frameworks */,
				AA8980A02B01BD0000EFF940 /* Resources */,
			);
			buildRules = (
			);
			dependencies = (
				AA8980A42B01BD0000EFF940 /* PBXTargetDependency */,
			);
			name = WeatherDemoUITests;
			productName = WeatherDemoUITests;
			productReference = AA8980A22B01BD0000EFF940 /* WeatherDemoUITests.xctest */;
			productType = "com.apple.product-type.bundle.ui-testing";
		};
/* End PBXNativeTarget section */

/* Begin PBXProject section */
		AA8980802B01BCFC00EFF940 /* Project object */ = {
			isa = PBXProject;
			attributes = {
				BuildIndependentTargetsInParallel = 1;
				LastSwiftUpdateCheck = 1500;
				LastUpgradeCheck = 1500;
				TargetAttributes = {
					AA8980872B01BCFC00EFF940 = {
						CreatedOnToolsVersion = 15.0.1;
					};
					AA8980972B01BD0000EFF940 = {
						CreatedOnToolsVersion = 15.0.1;
						TestTargetID = AA8980872B01BCFC00EFF940;
					};
					AA8980A12B01BD0000EFF940 = {
						CreatedOnToolsVersion = 15.0.1;
						TestTargetID = AA8980872B01BCFC00EFF940;
					};
				};
			};
			buildConfigurationList = AA8980832B01BCFC00EFF940 /* Build configuration list for PBXProject "WeatherDemo" */;
			compatibilityVersion = "Xcode 14.0";
			developmentRegion = en;
			hasScannedForEncodings = 0;
			knownRegions = (
				en,
				Base,
			);
			mainGroup = AA89807F2B01BCFC00EFF940;
			productRefGroup = AA8980892B01BCFC00EFF940 /* Products */;
			projectDirPath = "";
			projectRoot = "";
			targets = (
				AA8980872B01BCFC00EFF940 /* WeatherDemo */,
				AA8980972B01BD0000EFF940 /* WeatherDemoTests */,
				AA8980A12B01BD0000EFF940 /* WeatherDemoUITests */,
			);
		};
/* End PBXProject section */

/* Begin PBXResourcesBuildPhase section */
		AA8980862B01BCFC00EFF940 /* Resources */ = {
			isa = PBXResourcesBuildPhase;
			buildActionMask = 2147483647;
			files = (
				AA9AD8C82B0B90A70034F3C1 /* weatherData.json in Resources */,
				AA8980932B01BCFF00EFF940 /* Preview Assets.xcassets in Resources */,
				AA8980902B01BCFF00EFF940 /* Assets.xcassets in Resources */,
			);
			runOnlyForDeploymentPostprocessing = 0;
		};
		AA8980962B01BD0000EFF940 /* Resources */ = {
			isa = PBXResourcesBuildPhase;
			buildActionMask = 2147483647;
			files = (
			);
			runOnlyForDeploymentPostprocessing = 0;
		};
		AA8980A02B01BD0000EFF940 /* Resources */ = {
			isa = PBXResourcesBuildPhase;
			buildActionMask = 2147483647;
			files = (
			);
			runOnlyForDeploymentPostprocessing = 0;
		};
/* End PBXResourcesBuildPhase section */

/* Begin PBXSourcesBuildPhase section */
		AA8980842B01BCFC00EFF940 /* Sources */ = {
			isa = PBXSourcesBuildPhase;
			buildActionMask = 2147483647;
			files = (
				AAF07EEE2B0D303A000DF092 /* WeatherRow.swift in Sources */,
				AA9AD8C22B0B04610034F3C1 /* WeatherManager.swift in Sources */,
				AAF07EE92B0CF9F6000DF092 /* Extensions.swift in Sources */,
				AA89808E2B01BCFC00EFF940 /* ContentView.swift in Sources */,
				AA89808C2B01BCFC00EFF940 /* WeatherDemoApp.swift in Sources */,
				AA8980B72B01BFF100EFF940 /* LocationManager.swift in Sources */,
				AADA05EB2B099CC000DC3F14 /* LoadingView.swift in Sources */,
				AA9AD8C62B0B90570034F3C1 /* ModelData.swift in Sources */,
				AA9AD8C42B0B8FE60034F3C1 /* WeatherView.swift in Sources */,
				AADA05E92B09144100DC3F14 /* WelcomeView.swift in Sources */,
			);
			runOnlyForDeploymentPostprocessing = 0;
		};
		AA8980942B01BD0000EFF940 /* Sources */ = {
			isa = PBXSourcesBuildPhase;
			buildActionMask = 2147483647;
			files = (
				AA89809D2B01BD0000EFF940 /* WeatherDemoTests.swift in Sources */,
			);
			runOnlyForDeploymentPostprocessing = 0;
		};
		AA89809E2B01BD0000EFF940 /* Sources */ = {
			isa = PBXSourcesBuildPhase;
			buildActionMask = 2147483647;
			files = (
				AA8980A92B01BD0000EFF940 /* WeatherDemoUITestsLaunchTests.swift in Sources */,
				AA8980A72B01BD0000EFF940 /* WeatherDemoUITests.swift in Sources */,
			);
			runOnlyForDeploymentPostprocessing = 0;
		};
/* End PBXSourcesBuildPhase section */

/* Begin PBXTargetDependency section */
		AA89809A2B01BD0000EFF940 /* PBXTargetDependency */ = {
			isa = PBXTargetDependency;
			target = AA8980872B01BCFC00EFF940 /* WeatherDemo */;
			targetProxy = AA8980992B01BD0000EFF940 /* PBXContainerItemProxy */;
		};
		AA8980A42B01BD0000EFF940 /* PBXTargetDependency */ = {
			isa = PBXTargetDependency;
			target = AA8980872B01BCFC00EFF940 /* WeatherDemo */;
			targetProxy = AA8980A32B01BD0000EFF940 /* PBXContainerItemProxy */;
		};
/* End PBXTargetDependency section */

/* Begin XCBuildConfiguration section */
		AA8980AA2B01BD0000EFF940 /* Debug */ = {
			isa = XCBuildConfiguration;
			buildSettings = {
				ALWAYS_SEARCH_USER_PATHS = NO;
				ASSETCATALOG_COMPILER_GENERATE_SWIFT_ASSET_SYMBOL_EXTENSIONS = YES;
				CLANG_ANALYZER_NONNULL = YES;
				CLANG_ANALYZER_NUMBER_OBJECT_CONVERSION = YES_AGGRESSIVE;
				CLANG_CXX_LANGUAGE_STANDARD = "gnu++20";
				CLANG_ENABLE_MODULES = YES;
				CLANG_ENABLE_OBJC_ARC = YES;
				CLANG_ENABLE_OBJC_WEAK = YES;
				CLANG_WARN_BLOCK_CAPTURE_AUTORELEASING = YES;
				CLANG_WARN_BOOL_CONVERSION = YES;
				CLANG_WARN_COMMA = YES;
				CLANG_WARN_CONSTANT_CONVERSION = YES;
				CLANG_WARN_DEPRECATED_OBJC_IMPLEMENTATIONS = YES;
				CLANG_WARN_DIRECT_OBJC_ISA_USAGE = YES_ERROR;
				CLANG_WARN_DOCUMENTATION_COMMENTS = YES;
				CLANG_WARN_EMPTY_BODY = YES;
				CLANG_WARN_ENUM_CONVERSION = YES;
				CLANG_WARN_INFINITE_RECURSION = YES;
				CLANG_WARN_INT_CONVERSION = YES;
				CLANG_WARN_NON_LITERAL_NULL_CONVERSION = YES;
				CLANG_WARN_OBJC_IMPLICIT_RETAIN_SELF = YES;
				CLANG_WARN_OBJC_LITERAL_CONVERSION = YES;
				CLANG_WARN_OBJC_ROOT_CLASS = YES_ERROR;
				CLANG_WARN_QUOTED_INCLUDE_IN_FRAMEWORK_HEADER = YES;
				CLANG_WARN_RANGE_LOOP_ANALYSIS = YES;
				CLANG_WARN_STRICT_PROTOTYPES = YES;
				CLANG_WARN_SUSPICIOUS_MOVE = YES;
				CLANG_WARN_UNGUARDED_AVAILABILITY = YES_AGGRESSIVE;
				CLANG_WARN_UNREACHABLE_CODE = YES;
				CLANG_WARN__DUPLICATE_METHOD_MATCH = YES;
				COPY_PHASE_STRIP = NO;
				DEBUG_INFORMATION_FORMAT = dwarf;
				ENABLE_STRICT_OBJC_MSGSEND = YES;
				ENABLE_TESTABILITY = YES;
				ENABLE_USER_SCRIPT_SANDBOXING = YES;
				GCC_C_LANGUAGE_STANDARD = gnu17;
				GCC_DYNAMIC_NO_PIC = NO;
				GCC_NO_COMMON_BLOCKS = YES;
				GCC_OPTIMIZATION_LEVEL = 0;
				GCC_PREPROCESSOR_DEFINITIONS = (
					"DEBUG=1",
					"$(inherited)",
				);
				GCC_WARN_64_TO_32_BIT_CONVERSION = YES;
				GCC_WARN_ABOUT_RETURN_TYPE = YES_ERROR;
				GCC_WARN_UNDECLARED_SELECTOR = YES;
				GCC_WARN_UNINITIALIZED_AUTOS = YES_AGGRESSIVE;
				GCC_WARN_UNUSED_FUNCTION = YES;
				GCC_WARN_UNUSED_VARIABLE = YES;
				IPHONEOS_DEPLOYMENT_TARGET = 17.0;
				LOCALIZATION_PREFERS_STRING_CATALOGS = YES;
				MTL_ENABLE_DEBUG_INFO = INCLUDE_SOURCE;
				MTL_FAST_MATH = YES;
				ONLY_ACTIVE_ARCH = YES;
				SDKROOT = iphoneos;
				SWIFT_ACTIVE_COMPILATION_CONDITIONS = "DEBUG $(inherited)";
				SWIFT_OPTIMIZATION_LEVEL = "-Onone";
			};
			name = Debug;
		};
		AA8980AB2B01BD0000EFF940 /* Release */ = {
			isa = XCBuildConfiguration;
			buildSettings = {
				ALWAYS_SEARCH_USER_PATHS = NO;
				ASSETCATALOG_COMPILER_GENERATE_SWIFT_ASSET_SYMBOL_EXTENSIONS = YES;
				CLANG_ANALYZER_NONNULL = YES;
				CLANG_ANALYZER_NUMBER_OBJECT_CONVERSION = YES_AGGRESSIVE;
				CLANG_CXX_LANGUAGE_STANDARD = "gnu++20";
				CLANG_ENABLE_MODULES = YES;
				CLANG_ENABLE_OBJC_ARC = YES;
				CLANG_ENABLE_OBJC_WEAK = YES;
				CLANG_WARN_BLOCK_CAPTURE_AUTORELEASING = YES;
				CLANG_WARN_BOOL_CONVERSION = YES;
				CLANG_WARN_COMMA = YES;
				CLANG_WARN_CONSTANT_CONVERSION = YES;
				CLANG_WARN_DEPRECATED_OBJC_IMPLEMENTATIONS = YES;
				CLANG_WARN_DIRECT_OBJC_ISA_USAGE = YES_ERROR;
				CLANG_WARN_DOCUMENTATION_COMMENTS = YES;
				CLANG_WARN_EMPTY_BODY = YES;
				CLANG_WARN_ENUM_CONVERSION = YES;
				CLANG_WARN_INFINITE_RECURSION = YES;
				CLANG_WARN_INT_CONVERSION = YES;
				CLANG_WARN_NON_LITERAL_NULL_CONVERSION = YES;
				CLANG_WARN_OBJC_IMPLICIT_RETAIN_SELF = YES;
				CLANG_WARN_OBJC_LITERAL_CONVERSION = YES;
				CLANG_WARN_OBJC_ROOT_CLASS = YES_ERROR;
				CLANG_WARN_QUOTED_INCLUDE_IN_FRAMEWORK_HEADER = YES;
				CLANG_WARN_RANGE_LOOP_ANALYSIS = YES;
				CLANG_WARN_STRICT_PROTOTYPES = YES;
				CLANG_WARN_SUSPICIOUS_MOVE = YES;
				CLANG_WARN_UNGUARDED_AVAILABILITY = YES_AGGRESSIVE;
				CLANG_WARN_UNREACHABLE_CODE = YES;
				CLANG_WARN__DUPLICATE_METHOD_MATCH = YES;
				COPY_PHASE_STRIP = NO;
				DEBUG_INFORMATION_FORMAT = "dwarf-with-dsym";
				ENABLE_NS_ASSERTIONS = NO;
				ENABLE_STRICT_OBJC_MSGSEND = YES;
				ENABLE_USER_SCRIPT_SANDBOXING = YES;
				GCC_C_LANGUAGE_STANDARD = gnu17;
				GCC_NO_COMMON_BLOCKS = YES;
				GCC_WARN_64_TO_32_BIT_CONVERSION = YES;
				GCC_WARN_ABOUT_RETURN_TYPE = YES_ERROR;
				GCC_WARN_UNDECLARED_SELECTOR = YES;
				GCC_WARN_UNINITIALIZED_AUTOS = YES_AGGRESSIVE;
				GCC_WARN_UNUSED_FUNCTION = YES;
				GCC_WARN_UNUSED_VARIABLE = YES;
				IPHONEOS_DEPLOYMENT_TARGET = 17.0;
				LOCALIZATION_PREFERS_STRING_CATALOGS = YES;
				MTL_ENABLE_DEBUG_INFO = NO;
				MTL_FAST_MATH = YES;
				SDKROOT = iphoneos;
				SWIFT_COMPILATION_MODE = wholemodule;
				VALIDATE_PRODUCT = YES;
			};
			name = Release;
		};
		AA8980AD2B01BD0000EFF940 /* Debug */ = {
			isa = XCBuildConfiguration;
			buildSettings = {
				ASSETCATALOG_COMPILER_APPICON_NAME = AppIcon;
				ASSETCATALOG_COMPILER_GLOBAL_ACCENT_COLOR_NAME = AccentColor;
				CODE_SIGN_STYLE = Automatic;
				CURRENT_PROJECT_VERSION = 1;
				DEVELOPMENT_ASSET_PATHS = "\"WeatherDemo/Preview Content\"";
				DEVELOPMENT_TEAM = FF54H898ZR;
				ENABLE_PREVIEWS = YES;
				GENERATE_INFOPLIST_FILE = YES;
				INFOPLIST_KEY_CFBundleDisplayName = NiceWeather;
				INFOPLIST_KEY_UIApplicationSceneManifest_Generation = YES;
				INFOPLIST_KEY_UIApplicationSupportsIndirectInputEvents = YES;
				INFOPLIST_KEY_UILaunchScreen_Generation = YES;
				INFOPLIST_KEY_UIStatusBarStyle = "";
				INFOPLIST_KEY_UISupportedInterfaceOrientations_iPad = "UIInterfaceOrientationPortrait UIInterfaceOrientationPortraitUpsideDown UIInterfaceOrientationLandscapeLeft UIInterfaceOrientationLandscapeRight";
				INFOPLIST_KEY_UISupportedInterfaceOrientations_iPhone = "UIInterfaceOrientationPortrait UIInterfaceOrientationLandscapeLeft UIInterfaceOrientationLandscapeRight";
				IPHONEOS_DEPLOYMENT_TARGET = 15.0;
				LD_RUNPATH_SEARCH_PATHS = (
					"$(inherited)",
					"@executable_path/Frameworks",
				);
				MARKETING_VERSION = 1.0;
				PRODUCT_BUNDLE_IDENTIFIER = ie.ucd.cs.comp47390.22205800.WeatherDemo;
				PRODUCT_NAME = "$(TARGET_NAME)";
				SWIFT_EMIT_LOC_STRINGS = YES;
				SWIFT_VERSION = 5.0;
				TARGETED_DEVICE_FAMILY = "1,2";
			};
			name = Debug;
		};
		AA8980AE2B01BD0000EFF940 /* Release */ = {
			isa = XCBuildConfiguration;
			buildSettings = {
				ASSETCATALOG_COMPILER_APPICON_NAME = AppIcon;
				ASSETCATALOG_COMPILER_GLOBAL_ACCENT_COLOR_NAME = AccentColor;
				CODE_SIGN_STYLE = Automatic;
				CURRENT_PROJECT_VERSION = 1;
				DEVELOPMENT_ASSET_PATHS = "\"WeatherDemo/Preview Content\"";
				DEVELOPMENT_TEAM = FF54H898ZR;
				ENABLE_PREVIEWS = YES;
				GENERATE_INFOPLIST_FILE = YES;
				INFOPLIST_KEY_CFBundleDisplayName = NiceWeather;
				INFOPLIST_KEY_UIApplicationSceneManifest_Generation = YES;
				INFOPLIST_KEY_UIApplicationSupportsIndirectInputEvents = YES;
				INFOPLIST_KEY_UILaunchScreen_Generation = YES;
				INFOPLIST_KEY_UIStatusBarStyle = "";
				INFOPLIST_KEY_UISupportedInterfaceOrientations_iPad = "UIInterfaceOrientationPortrait UIInterfaceOrientationPortraitUpsideDown UIInterfaceOrientationLandscapeLeft UIInterfaceOrientationLandscapeRight";
				INFOPLIST_KEY_UISupportedInterfaceOrientations_iPhone = "UIInterfaceOrientationPortrait UIInterfaceOrientationLandscapeLeft UIInterfaceOrientationLandscapeRight";
				IPHONEOS_DEPLOYMENT_TARGET = 15.0;
				LD_RUNPATH_SEARCH_PATHS = (
					"$(inherited)",
					"@executable_path/Frameworks",
				);
				MARKETING_VERSION = 1.0;
				PRODUCT_BUNDLE_IDENTIFIER = ie.ucd.cs.comp47390.22205800.WeatherDemo;
				PRODUCT_NAME = "$(TARGET_NAME)";
				SWIFT_EMIT_LOC_STRINGS = YES;
				SWIFT_VERSION = 5.0;
				TARGETED_DEVICE_FAMILY = "1,2";
			};
			name = Release;
		};
		AA8980B02B01BD0000EFF940 /* Debug */ = {
			isa = XCBuildConfiguration;
			buildSettings = {
				ALWAYS_EMBED_SWIFT_STANDARD_LIBRARIES = YES;
				BUNDLE_LOADER = "$(TEST_HOST)";
				CODE_SIGN_STYLE = Automatic;
				CURRENT_PROJECT_VERSION = 1;
				DEVELOPMENT_TEAM = FF54H898ZR;
				GENERATE_INFOPLIST_FILE = YES;
				IPHONEOS_DEPLOYMENT_TARGET = 17.0;
				MARKETING_VERSION = 1.0;
				PRODUCT_BUNDLE_IDENTIFIER = ie.ucd.cs.comp47390.22205800.WeatherDemoTests;
				PRODUCT_NAME = "$(TARGET_NAME)";
				SWIFT_EMIT_LOC_STRINGS = NO;
				SWIFT_VERSION = 5.0;
				TARGETED_DEVICE_FAMILY = "1,2";
				TEST_HOST = "$(BUILT_PRODUCTS_DIR)/WeatherDemo.app/$(BUNDLE_EXECUTABLE_FOLDER_PATH)/WeatherDemo";
			};
			name = Debug;
		};
		AA8980B12B01BD0000EFF940 /* Release */ = {
			isa = XCBuildConfiguration;
			buildSettings = {
				ALWAYS_EMBED_SWIFT_STANDARD_LIBRARIES = YES;
				BUNDLE_LOADER = "$(TEST_HOST)";
				CODE_SIGN_STYLE = Automatic;
				CURRENT_PROJECT_VERSION = 1;
				DEVELOPMENT_TEAM = FF54H898ZR;
				GENERATE_INFOPLIST_FILE = YES;
				IPHONEOS_DEPLOYMENT_TARGET = 17.0;
				MARKETING_VERSION = 1.0;
				PRODUCT_BUNDLE_IDENTIFIER = ie.ucd.cs.comp47390.22205800.WeatherDemoTests;
				PRODUCT_NAME = "$(TARGET_NAME)";
				SWIFT_EMIT_LOC_STRINGS = NO;
				SWIFT_VERSION = 5.0;
				TARGETED_DEVICE_FAMILY = "1,2";
				TEST_HOST = "$(BUILT_PRODUCTS_DIR)/WeatherDemo.app/$(BUNDLE_EXECUTABLE_FOLDER_PATH)/WeatherDemo";
			};
			name = Release;
		};
		AA8980B32B01BD0000EFF940 /* Debug */ = {
			isa = XCBuildConfiguration;
			buildSettings = {
				ALWAYS_EMBED_SWIFT_STANDARD_LIBRARIES = YES;
				CODE_SIGN_STYLE = Automatic;
				CURRENT_PROJECT_VERSION = 1;
				DEVELOPMENT_TEAM = FF54H898ZR;
				GENERATE_INFOPLIST_FILE = YES;
				MARKETING_VERSION = 1.0;
				PRODUCT_BUNDLE_IDENTIFIER = ie.ucd.cs.comp47390.22205800.WeatherDemoUITests;
				PRODUCT_NAME = "$(TARGET_NAME)";
				SWIFT_EMIT_LOC_STRINGS = NO;
				SWIFT_VERSION = 5.0;
				TARGETED_DEVICE_FAMILY = "1,2";
				TEST_TARGET_NAME = WeatherDemo;
			};
			name = Debug;
		};
		AA8980B42B01BD0000EFF940 /* Release */ = {
			isa = XCBuildConfiguration;
			buildSettings = {
				ALWAYS_EMBED_SWIFT_STANDARD_LIBRARIES = YES;
				CODE_SIGN_STYLE = Automatic;
				CURRENT_PROJECT_VERSION = 1;
				DEVELOPMENT_TEAM = FF54H898ZR;
				GENERATE_INFOPLIST_FILE = YES;
				MARKETING_VERSION = 1.0;
				PRODUCT_BUNDLE_IDENTIFIER = ie.ucd.cs.comp47390.22205800.WeatherDemoUITests;
				PRODUCT_NAME = "$(TARGET_NAME)";
				SWIFT_EMIT_LOC_STRINGS = NO;
				SWIFT_VERSION = 5.0;
				TARGETED_DEVICE_FAMILY = "1,2";
				TEST_TARGET_NAME = WeatherDemo;
			};
			name = Release;
		};
/* End XCBuildConfiguration section */

/* Begin XCConfigurationList section */
		AA8980832B01BCFC00EFF940 /* Build configuration list for PBXProject "WeatherDemo" */ = {
			isa = XCConfigurationList;
			buildConfigurations = (
				AA8980AA2B01BD0000EFF940 /* Debug */,
				AA8980AB2B01BD0000EFF940 /* Release */,
			);
			defaultConfigurationIsVisible = 0;
			defaultConfigurationName = Release;
		};
		AA8980AC2B01BD0000EFF940 /* Build configuration list for PBXNativeTarget "WeatherDemo" */ = {
			isa = XCConfigurationList;
			buildConfigurations = (
				AA8980AD2B01BD0000EFF940 /* Debug */,
				AA8980AE2B01BD0000EFF940 /* Release */,
			);
			defaultConfigurationIsVisible = 0;
			defaultConfigurationName = Release;
		};
		AA8980AF2B01BD0000EFF940 /* Build configuration list for PBXNativeTarget "WeatherDemoTests" */ = {
			isa = XCConfigurationList;
			buildConfigurations = (
				AA8980B02B01BD0000EFF940 /* Debug */,
				AA8980B12B01BD0000EFF940 /* Release */,
			);
			defaultConfigurationIsVisible = 0;
			defaultConfigurationName = Release;
		};
		AA8980B22B01BD0000EFF940 /* Build configuration list for PBXNativeTarget "WeatherDemoUITests" */ = {
			isa = XCConfigurationList;
			buildConfigurations = (
				AA8980B32B01BD0000EFF940 /* Debug */,
				AA8980B42B01BD0000EFF940 /* Release */,
			);
			defaultConfigurationIsVisible = 0;
			defaultConfigurationName = Release;
		};
/* End XCConfigurationList section */
	};
	rootObject = AA8980802B01BCFC00EFF940 /* Project object */;
}
